{
  "lockfileVersion": 1,
  "workspaces": {
    "": {
      "name": "@taml/parser",
      "dependencies": {
        "@taml/ast": "^1.0.0",
      },
      "devDependencies": {
        "@tsconfig/bun": "latest",
        "@tsconfig/node22": "latest",
        "@tsconfig/strictest": "latest",
        "@types/bun": "latest",
        "typescript": "latest",
      },
    },
  },
  "packages": {
    "@taml/ast": ["@taml/ast@1.0.0", "", {}, "sha512-qVFXG/JYyFikukYuA22+LTqLmWp7pOOczibNc1nEPo4E5WAh0JETJQsdopoc+j/h7mWE0SzTm1CqCsGYefkMxA=="],

    "@tsconfig/bun": ["@tsconfig/bun@1.0.8", "", {}, "sha512-JlJaRaS4hBTypxtFe8WhnwV8blf0R+3yehLk8XuyxUYNx6VXsKCjACSCvOYEFUiqlhlBWxtYCn/zRlOb8BzBQg=="],

    "@tsconfig/node22": ["@tsconfig/node22@22.0.2", "", {}, "sha512-Kmwj4u8sDRDrMYRoN9FDEcXD8UpBSaPQQ24Gz+Gamqfm7xxn+GBR7ge/Z7pK8OXNGyUzbSwJj+TH6B+DS/epyA=="],

    "@tsconfig/strictest": ["@tsconfig/strictest@2.0.5", "", {}, "sha512-ec4tjL2Rr0pkZ5hww65c+EEPYwxOi4Ryv+0MtjeaSQRJyq322Q27eOQiFbuNgw2hpL4hB1/W/HBGk3VKS43osg=="],

    "@types/bun": ["@types/bun@1.2.16", "", { "dependencies": { "bun-types": "1.2.16" } }, "sha512-1aCZJ/6nSiViw339RsaNhkNoEloLaPzZhxMOYEa7OzRzO41IGg5n/7I43/ZIAW/c+Q6cT12Vf7fOZOoVIzb5BQ=="],

    "@types/node": ["@types/node@24.0.1", "", { "dependencies": { "undici-types": "~7.8.0" } }, "sha512-MX4Zioh39chHlDJbKmEgydJDS3tspMP/lnQC67G3SWsTnb9NeYVWOjkxpOSy4oMfPs4StcWHwBrvUb4ybfnuaw=="],

    "bun-types": ["bun-types@1.2.16", "", { "dependencies": { "@types/node": "*" } }, "sha512-ciXLrHV4PXax9vHvUrkvun9VPVGOVwbbbBF/Ev1cXz12lyEZMoJpIJABOfPcN9gDJRaiKF9MVbSygLg4NXu3/A=="],

    "typescript": ["typescript@5.8.3", "", { "bin": { "tsc": "bin/tsc", "tsserver": "bin/tsserver" } }, "sha512-p1diW6TqL9L07nNxvRMM7hMMw4c5XOo/1ibL4aAIGmSAt9slTE1Xgw5KWuof2uTOvCg9BY7ZRi+GaF+7sfgPeQ=="],

    "undici-types": ["undici-types@7.8.0", "", {}, "sha512-9UJ2xGDvQ43tYyVMpuHlsgApydB8ZKfVYTsLDhXkFL/6gfkp+U8xTGdh8pMJv1SpZna0zxG1DwsKZsreLbXBxw=="],
  }
}
